// !$*UTF8*$!
{
	archiveVersion = 1;
	classes = {};
	objectVersion = 60;
	objects = {

		AD42F6697B035B7580E4FEF9 /* Debug */ = {
			isa = XCBuildConfiguration;
			buildSettings = {
				ALWAYS_SEARCH_USER_PATHS = NO;
				CLANG_ENABLE_MODULES = YES;
				MACOSX_DEPLOYMENT_TARGET = 26.0;
				SDKROOT = macosx;
				SWIFT_VERSION = 6.0;
			};
			name = Debug;
		};
		123FEAD50246387983EE3405 /* Release */ = {
			isa = XCBuildConfiguration;
			buildSettings = {
				ALWAYS_SEARCH_USER_PATHS = NO;
				CLANG_ENABLE_MODULES = YES;
				MACOSX_DEPLOYMENT_TARGET = 26.0;
				SDKROOT = macosx;
				SWIFT_VERSION = 6.0;
			};
			name = Release;
		};
		C5C9F0B1483E64A6700D9080 /* Build configuration list for PBXProject */ = {
			isa = XCConfigurationList;
			buildConfigurations = (
				AD42F6697B035B7580E4FEF9 /* Debug */,
				123FEAD50246387983EE3405 /* Release */,
			);
			defaultConfigurationIsVisible = 0;
			defaultConfigurationName = Release;
		};
		900231A4F4D042BBB3A90457 /* AppleClassifier.swift */ = {isa = PBXFileReference; lastKnownFileType = sourcecode.swift; path = "Productivity/Classification/AppleClassifier.swift"; sourceTree = SOURCE_ROOT; };
		F61399D880475FEF78EB0CA9 /* Classifier.swift */ = {isa = PBXFileReference; lastKnownFileType = sourcecode.swift; path = "Productivity/Classification/Classifier.swift"; sourceTree = SOURCE_ROOT; };
		C4B597714C6F15179BE8623F /* OCRPreprocessor.swift */ = {isa = PBXFileReference; lastKnownFileType = sourcecode.swift; path = "Productivity/Classification/OCRPreprocessor.swift"; sourceTree = SOURCE_ROOT; };
		705EFCD6208004BA9F9D9A7E /* OpenRouterClassifier.swift */ = {isa = PBXFileReference; lastKnownFileType = sourcecode.swift; path = "Productivity/Classification/OpenRouterClassifier.swift"; sourceTree = SOURCE_ROOT; };
		0033A9C03C0F63AD86D6027B /* RulesEngine.swift */ = {isa = PBXFileReference; lastKnownFileType = sourcecode.swift; path = "Productivity/Classification/RulesEngine.swift"; sourceTree = SOURCE_ROOT; };
		95797A3CBC1A6813A13DC6E6 /* AppState.swift */ = {isa = PBXFileReference; lastKnownFileType = sourcecode.swift; path = "Productivity/App/AppState.swift"; sourceTree = SOURCE_ROOT; };
		AC6DD65C631862C60C475ABB /* ProductivityApp.swift */ = {isa = PBXFileReference; lastKnownFileType = sourcecode.swift; path = "Productivity/App/ProductivityApp.swift"; sourceTree = SOURCE_ROOT; };
		C3D4E5F60718293A4B5C6D7E /* WindowPresenter.swift */ = {isa = PBXFileReference; lastKnownFileType = sourcecode.swift; path = "Productivity/App/WindowPresenter.swift"; sourceTree = SOURCE_ROOT; };
		D4E5F60718293A4B5C6D7F0 /* DashboardWindowHost.swift */ = {isa = PBXFileReference; lastKnownFileType = sourcecode.swift; path = "Productivity/App/DashboardWindowHost.swift"; sourceTree = SOURCE_ROOT; };
		D4E5F60718293A4B5C6D7F2 /* WindowChrome.swift */ = {isa = PBXFileReference; lastKnownFileType = sourcecode.swift; path = "Productivity/App/WindowChrome.swift"; sourceTree = SOURCE_ROOT; };
		L0G1N1T3M4N4G3R5F1L3E0A /* LoginItemManager.swift */ = {isa = PBXFileReference; lastKnownFileType = sourcecode.swift; path = "Productivity/App/LoginItemManager.swift"; sourceTree = SOURCE_ROOT; };
		FA4B150F4FFFDD6AABA1CA49 /* WorkLogGenerator.swift */ = {isa = PBXFileReference; lastKnownFileType = sourcecode.swift; path = "Productivity/WorkLog/WorkLogGenerator.swift"; sourceTree = SOURCE_ROOT; };
		EEE203EF4B1CEB2DB23F281B /* AppSettings.swift */ = {isa = PBXFileReference; lastKnownFileType = sourcecode.swift; path = "Productivity/Shared/AppSettings.swift"; sourceTree = SOURCE_ROOT; };
		A7C4T4L0G5H4R3D2F1L3E0A /* AppCatalog.swift */ = {isa = PBXFileReference; lastKnownFileType = sourcecode.swift; path = "Productivity/Shared/AppCatalog.swift"; sourceTree = SOURCE_ROOT; };
		A1A1NT3LL1G3NC3ST4TUS1 /* AppleIntelligenceStatus.swift */ = {isa = PBXFileReference; lastKnownFileType = sourcecode.swift; path = "Productivity/Shared/AppleIntelligenceStatus.swift"; sourceTree = SOURCE_ROOT; };
		S1T3C4T4L0G5H4R3D2F1L3E0A /* SiteCatalog.swift */ = {isa = PBXFileReference; lastKnownFileType = sourcecode.swift; path = "Productivity/Shared/SiteCatalog.swift"; sourceTree = SOURCE_ROOT; };
		U5A6G3M0D3L5U5A6G3E0A1 /* UsageModels.swift */ = {isa = PBXFileReference; lastKnownFileType = sourcecode.swift; path = "Productivity/Shared/UsageModels.swift"; sourceTree = SOURCE_ROOT; };
		F1A2B3C4D5E60718293A4B5D /* AppInfo.swift */ = {isa = PBXFileReference; lastKnownFileType = sourcecode.swift; path = "Productivity/Shared/AppInfo.swift"; sourceTree = SOURCE_ROOT; };
		A1B2C3D4E5F60718293A4B5C /* Permissions.swift */ = {isa = PBXFileReference; lastKnownFileType = sourcecode.swift; path = "Productivity/Shared/Permissions.swift"; sourceTree = SOURCE_ROOT; };
		9B969BA234A7A24BB9F2CF06 /* Category.swift */ = {isa = PBXFileReference; lastKnownFileType = sourcecode.swift; path = "Productivity/Shared/Models/Category.swift"; sourceTree = SOURCE_ROOT; };
		D8CF38120EF4F0C7A7AA081D /* Rule.swift */ = {isa = PBXFileReference; lastKnownFileType = sourcecode.swift; path = "Productivity/Shared/Models/Rule.swift"; sourceTree = SOURCE_ROOT; };
		21BB488EB66E55DD5530DD25 /* Session.swift */ = {isa = PBXFileReference; lastKnownFileType = sourcecode.swift; path = "Productivity/Shared/Models/Session.swift"; sourceTree = SOURCE_ROOT; };
		E29D50404F4B4594061292C2 /* WorkLogEntry.swift */ = {isa = PBXFileReference; lastKnownFileType = sourcecode.swift; path = "Productivity/Shared/Models/WorkLogEntry.swift"; sourceTree = SOURCE_ROOT; };
		81051A183DA5D3C78A1E6E8E /* Database.swift */ = {isa = PBXFileReference; lastKnownFileType = sourcecode.swift; path = "Productivity/Storage/Database.swift"; sourceTree = SOURCE_ROOT; };
		EFA47B269FF35060CB0AA0CF /* ScreenshotStore.swift */ = {isa = PBXFileReference; lastKnownFileType = sourcecode.swift; path = "Productivity/Storage/ScreenshotStore.swift"; sourceTree = SOURCE_ROOT; };
		17FF586DF908C873F5357B88 /* BrowserDetector.swift */ = {isa = PBXFileReference; lastKnownFileType = sourcecode.swift; path = "Productivity/Tracking/BrowserDetector.swift"; sourceTree = SOURCE_ROOT; };
		937119C89B63DB559E831D71 /* DesktopScreenshotCapture.swift */ = {isa = PBXFileReference; lastKnownFileType = sourcecode.swift; path = "Productivity/Tracking/DesktopScreenshotCapture.swift"; sourceTree = SOURCE_ROOT; };
		B7CE78B71E0EE95A20FE06F7 /* IdleMonitor.swift */ = {isa = PBXFileReference; lastKnownFileType = sourcecode.swift; path = "Productivity/Tracking/IdleMonitor.swift"; sourceTree = SOURCE_ROOT; };
		DDC3CD5C8B1490D6CAF00456 /* ScreenshotPreprocessor.swift */ = {isa = PBXFileReference; lastKnownFileType = sourcecode.swift; path = "Productivity/Tracking/ScreenshotPreprocessor.swift"; sourceTree = SOURCE_ROOT; };
		7B0D35DB7799337D2E98322A /* SessionRecorder.swift */ = {isa = PBXFileReference; lastKnownFileType = sourcecode.swift; path = "Productivity/Tracking/SessionRecorder.swift"; sourceTree = SOURCE_ROOT; };
		BC2631BE7C70038C8DB40B20 /* TrackingCoordinator.swift */ = {isa = PBXFileReference; lastKnownFileType = sourcecode.swift; path = "Productivity/Tracking/TrackingCoordinator.swift"; sourceTree = SOURCE_ROOT; };
		6466C9844D04246516E405B6 /* WindowTitleReader.swift */ = {isa = PBXFileReference; lastKnownFileType = sourcecode.swift; path = "Productivity/Tracking/WindowTitleReader.swift"; sourceTree = SOURCE_ROOT; };
		DE43F3987A204E0F20268335 /* WorkspaceMonitor.swift */ = {isa = PBXFileReference; lastKnownFileType = sourcecode.swift; path = "Productivity/Tracking/WorkspaceMonitor.swift"; sourceTree = SOURCE_ROOT; };
		6DF6BC938D51130EB71FD525 /* AppsView.swift */ = {isa = PBXFileReference; lastKnownFileType = sourcecode.swift; path = "Productivity/Views/AppsView.swift"; sourceTree = SOURCE_ROOT; };
		0092B2A4338E1DF257603FD4 /* DashboardWindow.swift */ = {isa = PBXFileReference; lastKnownFileType = sourcecode.swift; path = "Productivity/Views/DashboardWindow.swift"; sourceTree = SOURCE_ROOT; };
		E5F60718293A4B5C6D7F2A1 /* DashboardEmptyState.swift */ = {isa = PBXFileReference; lastKnownFileType = sourcecode.swift; path = "Productivity/Views/DashboardEmptyState.swift"; sourceTree = SOURCE_ROOT; };
		D4SHB04RD0C0MP0N3NT5F1L3 /* DashboardComponents.swift */ = {isa = PBXFileReference; lastKnownFileType = sourcecode.swift; path = "Productivity/Views/DashboardComponents.swift"; sourceTree = SOURCE_ROOT; };
		A7P1C0NV13W5W1FT5F1L3A1 /* AppIconView.swift */ = {isa = PBXFileReference; lastKnownFileType = sourcecode.swift; path = "Productivity/Views/AppIconView.swift"; sourceTree = SOURCE_ROOT; };
		70F2F35F8E8CCCCD6589B531 /* OnboardingView.swift */ = {isa = PBXFileReference; lastKnownFileType = sourcecode.swift; path = "Productivity/Views/OnboardingView.swift"; sourceTree = SOURCE_ROOT; };
		DCD9E95BC1055212D37EAB4A /* RulesView.swift */ = {isa = PBXFileReference; lastKnownFileType = sourcecode.swift; path = "Productivity/Views/RulesView.swift"; sourceTree = SOURCE_ROOT; };
		9B88F337C106AF9DBAB94B00 /* SettingsView.swift */ = {isa = PBXFileReference; lastKnownFileType = sourcecode.swift; path = "Productivity/Views/SettingsView.swift"; sourceTree = SOURCE_ROOT; };
		B3194D87A84723F1E311B61D /* TimelineView.swift */ = {isa = PBXFileReference; lastKnownFileType = sourcecode.swift; path = "Productivity/Views/TimelineView.swift"; sourceTree = SOURCE_ROOT; };
		8DB2794100F1660CCCF193F9 /* TodayView.swift */ = {isa = PBXFileReference; lastKnownFileType = sourcecode.swift; path = "Productivity/Views/TodayView.swift"; sourceTree = SOURCE_ROOT; };
		577213073877302A50265197 /* WorkLogView.swift */ = {isa = PBXFileReference; lastKnownFileType = sourcecode.swift; path = "Productivity/Views/WorkLogView.swift"; sourceTree = SOURCE_ROOT; };
		0848FADA126523A47494DEB6 /* NudgeEngine.swift */ = {isa = PBXFileReference; lastKnownFileType = sourcecode.swift; path = "Productivity/Nudges/NudgeEngine.swift"; sourceTree = SOURCE_ROOT; };
		A1C0N1C0A55E7C4A7A1C0N1D /* Assets.xcassets */ = {isa = PBXFileReference; lastKnownFileType = folder.assetcatalog; path = "Productivity/Assets.xcassets"; sourceTree = SOURCE_ROOT; };
		F10WLOG1C0NA55E7C4A7A1D /* Flowlog.icon */ = {isa = PBXFileReference; lastKnownFileType = folder.iconcomposer.icon; path = "Productivity/Flowlog.icon"; sourceTree = SOURCE_ROOT; };
		F5BF48AA40CAD7891EB709FC /* Flowlog.app */ = {isa = PBXFileReference; explicitFileType = wrapper.application; includeInIndex = 0; path = Flowlog.app; sourceTree = BUILT_PRODUCTS_DIR; };
		B6AFFE446728460BFF954A15 /* AppleClassifier.swift in Sources */ = {isa = PBXBuildFile; fileRef = 900231A4F4D042BBB3A90457 /* AppleClassifier.swift */; };
		3766FDFF265D04825514DE0D /* Classifier.swift in Sources */ = {isa = PBXBuildFile; fileRef = F61399D880475FEF78EB0CA9 /* Classifier.swift */; };
		9EB1C1276D887419CF18C52F /* OCRPreprocessor.swift in Sources */ = {isa = PBXBuildFile; fileRef = C4B597714C6F15179BE8623F /* OCRPreprocessor.swift */; };
		8D4923648E4712D674700D14 /* OpenRouterClassifier.swift in Sources */ = {isa = PBXBuildFile; fileRef = 705EFCD6208004BA9F9D9A7E /* OpenRouterClassifier.swift */; };
		809875ED376B4E9C464EC881 /* RulesEngine.swift in Sources */ = {isa = PBXBuildFile; fileRef = 0033A9C03C0F63AD86D6027B /* RulesEngine.swift */; };
		C98820F86D18D30A2684D475 /* AppState.swift in Sources */ = {isa = PBXBuildFile; fileRef = 95797A3CBC1A6813A13DC6E6 /* AppState.swift */; };
		84D85FE8C352A02F5A9216B7 /* ProductivityApp.swift in Sources */ = {isa = PBXBuildFile; fileRef = AC6DD65C631862C60C475ABB /* ProductivityApp.swift */; };
		D4E5F60718293A4B5C6D7E8F /* WindowPresenter.swift in Sources */ = {isa = PBXBuildFile; fileRef = C3D4E5F60718293A4B5C6D7E /* WindowPresenter.swift */; };
		D4E5F60718293A4B5C6D7F1 /* DashboardWindowHost.swift in Sources */ = {isa = PBXBuildFile; fileRef = D4E5F60718293A4B5C6D7F0 /* DashboardWindowHost.swift */; };
		D4E5F60718293A4B5C6D7F3 /* WindowChrome.swift in Sources */ = {isa = PBXBuildFile; fileRef = D4E5F60718293A4B5C6D7F2 /* WindowChrome.swift */; };
		L0G1N1T3M4N4G3R5F1L3E0B /* LoginItemManager.swift in Sources */ = {isa = PBXBuildFile; fileRef = L0G1N1T3M4N4G3R5F1L3E0A /* LoginItemManager.swift */; };
		34343E871016DA09F13E9BEA /* WorkLogGenerator.swift in Sources */ = {isa = PBXBuildFile; fileRef = FA4B150F4FFFDD6AABA1CA49 /* WorkLogGenerator.swift */; };
		6D96CD6327BAC456381E0EA5 /* AppSettings.swift in Sources */ = {isa = PBXBuildFile; fileRef = EEE203EF4B1CEB2DB23F281B /* AppSettings.swift */; };
		A7C4T4L0G5H4R3D2F1L3E0B /* AppCatalog.swift in Sources */ = {isa = PBXBuildFile; fileRef = A7C4T4L0G5H4R3D2F1L3E0A /* AppCatalog.swift */; };
		A1A1NT3LL1G3NC3ST4TUS2 /* AppleIntelligenceStatus.swift in Sources */ = {isa = PBXBuildFile; fileRef = A1A1NT3LL1G3NC3ST4TUS1 /* AppleIntelligenceStatus.swift */; };
		S1T3C4T4L0G5H4R3D2F1L3E0B /* SiteCatalog.swift in Sources */ = {isa = PBXBuildFile; fileRef = S1T3C4T4L0G5H4R3D2F1L3E0A /* SiteCatalog.swift */; };
		U5A6G3M0D3L5U5A6G3E0A2 /* UsageModels.swift in Sources */ = {isa = PBXBuildFile; fileRef = U5A6G3M0D3L5U5A6G3E0A1 /* UsageModels.swift */; };
		F1A2B3C4D5E60718293A4B5E /* AppInfo.swift in Sources */ = {isa = PBXBuildFile; fileRef = F1A2B3C4D5E60718293A4B5D /* AppInfo.swift */; };
		B2C3D4E5F60718293A4B5C6D /* Permissions.swift in Sources */ = {isa = PBXBuildFile; fileRef = A1B2C3D4E5F60718293A4B5C /* Permissions.swift */; };
		C6EA38BFB39E4624A7ABE826 /* Category.swift in Sources */ = {isa = PBXBuildFile; fileRef = 9B969BA234A7A24BB9F2CF06 /* Category.swift */; };
		C106CB0EE567FC91FF051858 /* Rule.swift in Sources */ = {isa = PBXBuildFile; fileRef = D8CF38120EF4F0C7A7AA081D /* Rule.swift */; };
		B533D47663BADA441FE73050 /* Session.swift in Sources */ = {isa = PBXBuildFile; fileRef = 21BB488EB66E55DD5530DD25 /* Session.swift */; };
		FC96FDEF92F5F3669D87835E /* WorkLogEntry.swift in Sources */ = {isa = PBXBuildFile; fileRef = E29D50404F4B4594061292C2 /* WorkLogEntry.swift */; };
		3CC77F7AC544B6A851E80589 /* Database.swift in Sources */ = {isa = PBXBuildFile; fileRef = 81051A183DA5D3C78A1E6E8E /* Database.swift */; };
		1988050E21060FD60D97AFB1 /* ScreenshotStore.swift in Sources */ = {isa = PBXBuildFile; fileRef = EFA47B269FF35060CB0AA0CF /* ScreenshotStore.swift */; };
		369DB235683F5B83D2F5C908 /* BrowserDetector.swift in Sources */ = {isa = PBXBuildFile; fileRef = 17FF586DF908C873F5357B88 /* BrowserDetector.swift */; };
		AF2E0E6C7F3A9E9EAAAD3B2F /* DesktopScreenshotCapture.swift in Sources */ = {isa = PBXBuildFile; fileRef = 937119C89B63DB559E831D71 /* DesktopScreenshotCapture.swift */; };
		1479C5A88097C194C7838C8B /* IdleMonitor.swift in Sources */ = {isa = PBXBuildFile; fileRef = B7CE78B71E0EE95A20FE06F7 /* IdleMonitor.swift */; };
		C3A93BD9FC316A67BB1827F4 /* ScreenshotPreprocessor.swift in Sources */ = {isa = PBXBuildFile; fileRef = DDC3CD5C8B1490D6CAF00456 /* ScreenshotPreprocessor.swift */; };
		C3EAF37543A348EF5F306912 /* SessionRecorder.swift in Sources */ = {isa = PBXBuildFile; fileRef = 7B0D35DB7799337D2E98322A /* SessionRecorder.swift */; };
		981C5FBC015FE268661EE181 /* TrackingCoordinator.swift in Sources */ = {isa = PBXBuildFile; fileRef = BC2631BE7C70038C8DB40B20 /* TrackingCoordinator.swift */; };
		3FF9D88A90CEB9AD79B5CB0C /* WindowTitleReader.swift in Sources */ = {isa = PBXBuildFile; fileRef = 6466C9844D04246516E405B6 /* WindowTitleReader.swift */; };
		C1C4F647053A5D4D91A62646 /* WorkspaceMonitor.swift in Sources */ = {isa = PBXBuildFile; fileRef = DE43F3987A204E0F20268335 /* WorkspaceMonitor.swift */; };
		3F5145F41464BC6CB70D11A0 /* AppsView.swift in Sources */ = {isa = PBXBuildFile; fileRef = 6DF6BC938D51130EB71FD525 /* AppsView.swift */; };
		C2FC9BEA2D35FB3B8CE1BDB2 /* DashboardWindow.swift in Sources */ = {isa = PBXBuildFile; fileRef = 0092B2A4338E1DF257603FD4 /* DashboardWindow.swift */; };
		E5F60718293A4B5C6D7F2A2 /* DashboardEmptyState.swift in Sources */ = {isa = PBXBuildFile; fileRef = E5F60718293A4B5C6D7F2A1 /* DashboardEmptyState.swift */; };
		D4SHB04RD0C0MP0N3NT5F1L4 /* DashboardComponents.swift in Sources */ = {isa = PBXBuildFile; fileRef = D4SHB04RD0C0MP0N3NT5F1L3 /* DashboardComponents.swift */; };
		A7P1C0NV13W5W1FT5F1L3A2 /* AppIconView.swift in Sources */ = {isa = PBXBuildFile; fileRef = A7P1C0NV13W5W1FT5F1L3A1 /* AppIconView.swift */; };
		3EB864E2B982E1190079CFD6 /* OnboardingView.swift in Sources */ = {isa = PBXBuildFile; fileRef = 70F2F35F8E8CCCCD6589B531 /* OnboardingView.swift */; };
		824EED3DFA100C70EBB98122 /* RulesView.swift in Sources */ = {isa = PBXBuildFile; fileRef = DCD9E95BC1055212D37EAB4A /* RulesView.swift */; };
		8F6EE59AD59FC681C25712CF /* SettingsView.swift in Sources */ = {isa = PBXBuildFile; fileRef = 9B88F337C106AF9DBAB94B00 /* SettingsView.swift */; };
		F23E661A2E74A43AD29B457F /* TimelineView.swift in Sources */ = {isa = PBXBuildFile; fileRef = B3194D87A84723F1E311B61D /* TimelineView.swift */; };
		A428DDB374850F5B7983B6B3 /* TodayView.swift in Sources */ = {isa = PBXBuildFile; fileRef = 8DB2794100F1660CCCF193F9 /* TodayView.swift */; };
		F8B0C555AFD9D6A0E7F9B726 /* WorkLogView.swift in Sources */ = {isa = PBXBuildFile; fileRef = 577213073877302A50265197 /* WorkLogView.swift */; };
		B78C80E496BC607037332CD4 /* NudgeEngine.swift in Sources */ = {isa = PBXBuildFile; fileRef = 0848FADA126523A47494DEB6 /* NudgeEngine.swift */; };
		A1C0N1C0A55E7C4A7A1C0N1C /* Assets.xcassets in Resources */ = {isa = PBXBuildFile; fileRef = A1C0N1C0A55E7C4A7A1C0N1D /* Assets.xcassets */; };
		F10WLOG1C0NA55E7C4A7A1E /* Flowlog.icon in Resources */ = {isa = PBXBuildFile; fileRef = F10WLOG1C0NA55E7C4A7A1D /* Flowlog.icon */; };
		334F88284D60777BDEE67455 /* GRDB in Frameworks */ = {isa = PBXBuildFile; productRef = 43823E14BB3DDA5E591B59F8 /* GRDB */; };
		4F6F5CC3FCCF73F75AE9CCF4 /* Frameworks */ = {
			isa = PBXFrameworksBuildPhase;
			buildActionMask = 2147483647;
			files = (
				334F88284D60777BDEE67455 /* GRDB in Frameworks */,
			);
			runOnlyForDeploymentPostprocessing = 0;
		};
		F2AB5FB218DA8B84623F4557 /* Sources */ = {
			isa = PBXSourcesBuildPhase;
			buildActionMask = 2147483647;
			files = (
				B6AFFE446728460BFF954A15 /* AppleClassifier.swift in Sources */,
				3766FDFF265D04825514DE0D /* Classifier.swift in Sources */,
				9EB1C1276D887419CF18C52F /* OCRPreprocessor.swift in Sources */,
				8D4923648E4712D674700D14 /* OpenRouterClassifier.swift in Sources */,
				809875ED376B4E9C464EC881 /* RulesEngine.swift in Sources */,
				C98820F86D18D30A2684D475 /* AppState.swift in Sources */,
				84D85FE8C352A02F5A9216B7 /* ProductivityApp.swift in Sources */,
				D4E5F60718293A4B5C6D7E8F /* WindowPresenter.swift in Sources */,
				D4E5F60718293A4B5C6D7F1 /* DashboardWindowHost.swift in Sources */,
				D4E5F60718293A4B5C6D7F3 /* WindowChrome.swift in Sources */,
				L0G1N1T3M4N4G3R5F1L3E0B /* LoginItemManager.swift in Sources */,
				34343E871016DA09F13E9BEA /* WorkLogGenerator.swift in Sources */,
				6D96CD6327BAC456381E0EA5 /* AppSettings.swift in Sources */,
				A7C4T4L0G5H4R3D2F1L3E0B /* AppCatalog.swift in Sources */,
				A1A1NT3LL1G3NC3ST4TUS2 /* AppleIntelligenceStatus.swift in Sources */,
				S1T3C4T4L0G5H4R3D2F1L3E0B /* SiteCatalog.swift in Sources */,
				U5A6G3M0D3L5U5A6G3E0A2 /* UsageModels.swift in Sources */,
				F1A2B3C4D5E60718293A4B5E /* AppInfo.swift in Sources */,
				B2C3D4E5F60718293A4B5C6D /* Permissions.swift in Sources */,
				C6EA38BFB39E4624A7ABE826 /* Category.swift in Sources */,
				C106CB0EE567FC91FF051858 /* Rule.swift in Sources */,
				B533D47663BADA441FE73050 /* Session.swift in Sources */,
				FC96FDEF92F5F3669D87835E /* WorkLogEntry.swift in Sources */,
				3CC77F7AC544B6A851E80589 /* Database.swift in Sources */,
				1988050E21060FD60D97AFB1 /* ScreenshotStore.swift in Sources */,
				369DB235683F5B83D2F5C908 /* BrowserDetector.swift in Sources */,
				AF2E0E6C7F3A9E9EAAAD3B2F /* DesktopScreenshotCapture.swift in Sources */,
				1479C5A88097C194C7838C8B /* IdleMonitor.swift in Sources */,
				C3A93BD9FC316A67BB1827F4 /* ScreenshotPreprocessor.swift in Sources */,
				C3EAF37543A348EF5F306912 /* SessionRecorder.swift in Sources */,
				981C5FBC015FE268661EE181 /* TrackingCoordinator.swift in Sources */,
				3FF9D88A90CEB9AD79B5CB0C /* WindowTitleReader.swift in Sources */,
				C1C4F647053A5D4D91A62646 /* WorkspaceMonitor.swift in Sources */,
				3F5145F41464BC6CB70D11A0 /* AppsView.swift in Sources */,
				C2FC9BEA2D35FB3B8CE1BDB2 /* DashboardWindow.swift in Sources */,
				E5F60718293A4B5C6D7F2A2 /* DashboardEmptyState.swift in Sources */,
				D4SHB04RD0C0MP0N3NT5F1L4 /* DashboardComponents.swift in Sources */,
				A7P1C0NV13W5W1FT5F1L3A2 /* AppIconView.swift in Sources */,
				3EB864E2B982E1190079CFD6 /* OnboardingView.swift in Sources */,
				824EED3DFA100C70EBB98122 /* RulesView.swift in Sources */,
				8F6EE59AD59FC681C25712CF /* SettingsView.swift in Sources */,
				F23E661A2E74A43AD29B457F /* TimelineView.swift in Sources */,
				A428DDB374850F5B7983B6B3 /* TodayView.swift in Sources */,
				F8B0C555AFD9D6A0E7F9B726 /* WorkLogView.swift in Sources */,
				B78C80E496BC607037332CD4 /* NudgeEngine.swift in Sources */,
			);
			runOnlyForDeploymentPostprocessing = 0;
		};
		55B558C7EF820E6E00E5993B /* Resources */ = {
			isa = PBXResourcesBuildPhase;
			buildActionMask = 2147483647;
			files = (
				A1C0N1C0A55E7C4A7A1C0N1C /* Assets.xcassets in Resources */,
				F10WLOG1C0NA55E7C4A7A1E /* Flowlog.icon in Resources */,
			);
			runOnlyForDeploymentPostprocessing = 0;
		};
		2B731CEFC6751AAE0EC69B98 = {
			isa = PBXGroup;
			children = (
				F5BF48AA40CAD7891EB709FC /* Flowlog.app */,
				900231A4F4D042BBB3A90457 /* AppleClassifier.swift */,
				F61399D880475FEF78EB0CA9 /* Classifier.swift */,
				C4B597714C6F15179BE8623F /* OCRPreprocessor.swift */,
				705EFCD6208004BA9F9D9A7E /* OpenRouterClassifier.swift */,
				0033A9C03C0F63AD86D6027B /* RulesEngine.swift */,
				95797A3CBC1A6813A13DC6E6 /* AppState.swift */,
				AC6DD65C631862C60C475ABB /* ProductivityApp.swift */,
				C3D4E5F60718293A4B5C6D7E /* WindowPresenter.swift */,
				D4E5F60718293A4B5C6D7F0 /* DashboardWindowHost.swift */,
				D4E5F60718293A4B5C6D7F2 /* WindowChrome.swift */,
				L0G1N1T3M4N4G3R5F1L3E0A /* LoginItemManager.swift */,
				FA4B150F4FFFDD6AABA1CA49 /* WorkLogGenerator.swift */,
				EEE203EF4B1CEB2DB23F281B /* AppSettings.swift */,
				A7C4T4L0G5H4R3D2F1L3E0A /* AppCatalog.swift */,
				A1A1NT3LL1G3NC3ST4TUS1 /* AppleIntelligenceStatus.swift */,
				S1T3C4T4L0G5H4R3D2F1L3E0A /* SiteCatalog.swift */,
				U5A6G3M0D3L5U5A6G3E0A1 /* UsageModels.swift */,
				F1A2B3C4D5E60718293A4B5D /* AppInfo.swift */,
				A1B2C3D4E5F60718293A4B5C /* Permissions.swift */,
				9B969BA234A7A24BB9F2CF06 /* Category.swift */,
				D8CF38120EF4F0C7A7AA081D /* Rule.swift */,
				21BB488EB66E55DD5530DD25 /* Session.swift */,
				E29D50404F4B4594061292C2 /* WorkLogEntry.swift */,
				81051A183DA5D3C78A1E6E8E /* Database.swift */,
				EFA47B269FF35060CB0AA0CF /* ScreenshotStore.swift */,
				17FF586DF908C873F5357B88 /* BrowserDetector.swift */,
				937119C89B63DB559E831D71 /* DesktopScreenshotCapture.swift */,
				B7CE78B71E0EE95A20FE06F7 /* IdleMonitor.swift */,
				DDC3CD5C8B1490D6CAF00456 /* ScreenshotPreprocessor.swift */,
				7B0D35DB7799337D2E98322A /* SessionRecorder.swift */,
				BC2631BE7C70038C8DB40B20 /* TrackingCoordinator.swift */,
				6466C9844D04246516E405B6 /* WindowTitleReader.swift */,
				DE43F3987A204E0F20268335 /* WorkspaceMonitor.swift */,
				6DF6BC938D51130EB71FD525 /* AppsView.swift */,
				0092B2A4338E1DF257603FD4 /* DashboardWindow.swift */,
				E5F60718293A4B5C6D7F2A1 /* DashboardEmptyState.swift */,
				D4SHB04RD0C0MP0N3NT5F1L3 /* DashboardComponents.swift */,
				A7P1C0NV13W5W1FT5F1L3A1 /* AppIconView.swift */,
				70F2F35F8E8CCCCD6589B531 /* OnboardingView.swift */,
				DCD9E95BC1055212D37EAB4A /* RulesView.swift */,
				9B88F337C106AF9DBAB94B00 /* SettingsView.swift */,
				B3194D87A84723F1E311B61D /* TimelineView.swift */,
				8DB2794100F1660CCCF193F9 /* TodayView.swift */,
				577213073877302A50265197 /* WorkLogView.swift */,
				0848FADA126523A47494DEB6 /* NudgeEngine.swift */,
				A1C0N1C0A55E7C4A7A1C0N1D /* Assets.xcassets */,
				F10WLOG1C0NA55E7C4A7A1D /* Flowlog.icon */,
			);
			path = "";
			sourceTree = "<group>";
		};
		A8CBE22D73EBCC4E5F27B59C /* Products */ = {
			isa = PBXGroup;
			children = (
				F5BF48AA40CAD7891EB709FC /* Flowlog.app */,
			);
			name = Products;
			sourceTree = "<group>";
		};
		8EE4FD3DC0DB94B2F30E967D = {
			isa = PBXGroup;
			children = (
				2B731CEFC6751AAE0EC69B98,
				A8CBE22D73EBCC4E5F27B59C /* Products */,
			);
			sourceTree = "<group>";
		};
		42AEFBAE01D2DFD981F7DA7D /* Productivity */ = {
			isa = PBXNativeTarget;
			buildConfigurationList = CED909F3617B90BA94B5017C /* Build configuration list for PBXNativeTarget */;
			buildPhases = (
				F2AB5FB218DA8B84623F4557 /* Sources */,
				4F6F5CC3FCCF73F75AE9CCF4 /* Frameworks */,
				55B558C7EF820E6E00E5993B /* Resources */,
			);
			buildRules = ();
			dependencies = ();
			name = Productivity;
			packageProductDependencies = (
				43823E14BB3DDA5E591B59F8 /* GRDB */,
			);
			productName = Flowlog;
			productReference = F5BF48AA40CAD7891EB709FC /* Flowlog.app */;
			productType = "com.apple.product-type.application";
		};
		46F86FAA6BBF9AC94A7E4595 /* Project object */ = {
			isa = PBXProject;
			attributes = {BuildIndependentTargetsInParallel = 1; LastSwiftUpdateCheck = 2600; LastUpgradeCheck = 2600;};
			buildConfigurationList = C5C9F0B1483E64A6700D9080 /* Build configuration list for PBXProject */;
			compatibilityVersion = "Xcode 14.0";
			developmentRegion = en;
			hasScannedForEncodings = 0;
			knownRegions = (en, Base);
			mainGroup = 8EE4FD3DC0DB94B2F30E967D;
			packageReferences = (
				FA2BC552446B3A2803F239B2 /* XCRemoteSwiftPackageReference "GRDB" */,
			);
			productRefGroup = A8CBE22D73EBCC4E5F27B59C /* Products */;
			projectDirPath = "";
			projectRoot = "";
			targets = (
				42AEFBAE01D2DFD981F7DA7D /* Productivity */,
			);
		};
		FA2BC552446B3A2803F239B2 /* XCRemoteSwiftPackageReference "GRDB" */ = {
			isa = XCRemoteSwiftPackageReference;
			repositoryURL = "https://github.com/groue/GRDB.swift";
			requirement = {kind = upToNextMajorVersion; minimumVersion = 7.0.0;};
		};
		43823E14BB3DDA5E591B59F8 /* GRDB */ = {
			isa = XCSwiftPackageProductDependency;
			package = FA2BC552446B3A2803F239B2 /* XCRemoteSwiftPackageReference "GRDB" */;
			productName = GRDB;
		};
		CED909F3617B90BA94B5017C /* Build configuration list for PBXNativeTarget */ = {
			isa = XCConfigurationList;
			buildConfigurations = (
				FA7C752E798F561D7D156D98 /* Debug */,
				22F75101C717335ACF4089A0 /* Release */,
			);
			defaultConfigurationIsVisible = 0;
			defaultConfigurationName = Release;
		};
		FA7C752E798F561D7D156D98 /* Debug */ = {
			isa = XCBuildConfiguration;
			buildSettings = {
				ASSETCATALOG_COMPILER_APPICON_NAME = Flowlog;
				CODE_SIGN_ENTITLEMENTS = Productivity/Productivity.entitlements;
				CODE_SIGN_STYLE = Automatic;
				COMBINE_HIDPI_IMAGES = YES;
				CURRENT_PROJECT_VERSION = 1;
				DEVELOPMENT_TEAM = "";
				ENABLE_HARDENED_RUNTIME = YES;
				GENERATE_INFOPLIST_FILE = NO;
				INFOPLIST_FILE = Productivity/Info.plist;
				LD_RUNPATH_SEARCH_PATHS = ("$(inherited)", "@executable_path/../Frameworks");
				MACOSX_DEPLOYMENT_TARGET = 26.0;
				MARKETING_VERSION = 1.0;
				PRODUCT_BUNDLE_IDENTIFIER = com.productivity.app;
				PRODUCT_NAME = Flowlog;
				SWIFT_EMIT_LOC_STRINGS = YES;
				SWIFT_VERSION = 6.0;
				SWIFT_ACTIVE_COMPILATION_CONDITIONS = DEBUG;
			};
			name = Debug;
		};
		22F75101C717335ACF4089A0 /* Release */ = {
			isa = XCBuildConfiguration;
			buildSettings = {
				ASSETCATALOG_COMPILER_APPICON_NAME = Flowlog;
				CODE_SIGN_ENTITLEMENTS = Productivity/Productivity.entitlements;
				CODE_SIGN_STYLE = Automatic;
				COMBINE_HIDPI_IMAGES = YES;
				CURRENT_PROJECT_VERSION = 1;
				DEVELOPMENT_TEAM = "";
				ENABLE_HARDENED_RUNTIME = YES;
				GENERATE_INFOPLIST_FILE = NO;
				INFOPLIST_FILE = Productivity/Info.plist;
				LD_RUNPATH_SEARCH_PATHS = ("$(inherited)", "@executable_path/../Frameworks");
				MACOSX_DEPLOYMENT_TARGET = 26.0;
				MARKETING_VERSION = 1.0;
				PRODUCT_BUNDLE_IDENTIFIER = com.productivity.app;
				PRODUCT_NAME = Flowlog;
				SWIFT_EMIT_LOC_STRINGS = YES;
				SWIFT_VERSION = 6.0;
			};
			name = Release;
		};
	};
	rootObject = 46F86FAA6BBF9AC94A7E4595 /* Project object */;
}